// !$*UTF8*$!
{
	archiveVersion = 1;
	classes = {
	};
	objectVersion = 46;
	objects = {

/* Begin PBXBuildFile section */
		38113C5D1DBD419F00E4E996 /* HomeViewController.m in Sources */ = {isa = PBXBuildFile; fileRef = 38113C5C1DBD419F00E4E996 /* HomeViewController.m */; };
		38113C5F1DBD442700E4E996 /* www in Resources */ = {isa = PBXBuildFile; fileRef = 38113C5E1DBD442700E4E996 /* www */; };
		38113C661DBD5BDF00E4E996 /* Viz1ViewController.m in Sources */ = {isa = PBXBuildFile; fileRef = 38113C611DBD5BDF00E4E996 /* Viz1ViewController.m */; };
		38113C671DBD5BDF00E4E996 /* Viz2ViewController.m in Sources */ = {isa = PBXBuildFile; fileRef = 38113C631DBD5BDF00E4E996 /* Viz2ViewController.m */; };
		38113C681DBD5BDF00E4E996 /* Viz3ViewController.m in Sources */ = {isa = PBXBuildFile; fileRef = 38113C651DBD5BDF00E4E996 /* Viz3ViewController.m */; };
		38113C8B1DBD85D200E4E996 /* TableauOAuth.m in Sources */ = {isa = PBXBuildFile; fileRef = 38113C8A1DBD85D200E4E996 /* TableauOAuth.m */; };
		38113C8F1DBD880E00E4E996 /* TokenManager.m in Sources */ = {isa = PBXBuildFile; fileRef = 38113C8E1DBD880E00E4E996 /* TokenManager.m */; };
		38113C921DBD8F5E00E4E996 /* WebViewDelegate.m in Sources */ = {isa = PBXBuildFile; fileRef = 38113C911DBD8F5E00E4E996 /* WebViewDelegate.m */; };
		C9694B021DB98B4B00DDCF0C /* main.m in Sources */ = {isa = PBXBuildFile; fileRef = C9694B011DB98B4B00DDCF0C /* main.m */; };
		C9694B051DB98B4B00DDCF0C /* AppDelegate.m in Sources */ = {isa = PBXBuildFile; fileRef = C9694B041DB98B4B00DDCF0C /* AppDelegate.m */; };
		C9694B0E1DB98B4B00DDCF0C /* Main.storyboard in Resources */ = {isa = PBXBuildFile; fileRef = C9694B0C1DB98B4B00DDCF0C /* Main.storyboard */; };
		C9694B101DB98B4B00DDCF0C /* Assets.xcassets in Resources */ = {isa = PBXBuildFile; fileRef = C9694B0F1DB98B4B00DDCF0C /* Assets.xcassets */; };
		C9694B131DB98B4B00DDCF0C /* LaunchScreen.storyboard in Resources */ = {isa = PBXBuildFile; fileRef = C9694B111DB98B4B00DDCF0C /* LaunchScreen.storyboard */; };
/* End PBXBuildFile section */

/* Begin PBXFileReference section */
		38113C5B1DBD419F00E4E996 /* HomeViewController.h */ = {isa = PBXFileReference; fileEncoding = 4; lastKnownFileType = sourcecode.c.h; path = HomeViewController.h; sourceTree = "<group>"; };
		38113C5C1DBD419F00E4E996 /* HomeViewController.m */ = {isa = PBXFileReference; fileEncoding = 4; lastKnownFileType = sourcecode.c.objc; path = HomeViewController.m; sourceTree = "<group>"; };
		38113C5E1DBD442700E4E996 /* www */ = {isa = PBXFileReference; lastKnownFileType = folder; path = www; sourceTree = "<group>"; };
		38113C601DBD5BDF00E4E996 /* Viz1ViewController.h */ = {isa = PBXFileReference; fileEncoding = 4; lastKnownFileType = sourcecode.c.h; path = Viz1ViewController.h; sourceTree = "<group>"; };
		38113C611DBD5BDF00E4E996 /* Viz1ViewController.m */ = {isa = PBXFileReference; fileEncoding = 4; lastKnownFileType = sourcecode.c.objc; path = Viz1ViewController.m; sourceTree = "<group>"; };
		38113C621DBD5BDF00E4E996 /* Viz2ViewController.h */ = {isa = PBXFileReference; fileEncoding = 4; lastKnownFileType = sourcecode.c.h; path = Viz2ViewController.h; sourceTree = "<group>"; };
		38113C631DBD5BDF00E4E996 /* Viz2ViewController.m */ = {isa = PBXFileReference; fileEncoding = 4; lastKnownFileType = sourcecode.c.objc; path = Viz2ViewController.m; sourceTree = "<group>"; };
		38113C641DBD5BDF00E4E996 /* Viz3ViewController.h */ = {isa = PBXFileReference; fileEncoding = 4; lastKnownFileType = sourcecode.c.h; path = Viz3ViewController.h; sourceTree = "<group>"; };
		38113C651DBD5BDF00E4E996 /* Viz3ViewController.m */ = {isa = PBXFileReference; fileEncoding = 4; lastKnownFileType = sourcecode.c.objc; path = Viz3ViewController.m; sourceTree = "<group>"; };
		38113C891DBD85D200E4E996 /* TableauOAuth.h */ = {isa = PBXFileReference; fileEncoding = 4; lastKnownFileType = sourcecode.c.h; name = TableauOAuth.h; path = "mobile-connected-client/src/ios/TableauOAuth.h"; sourceTree = SOURCE_ROOT; };
		38113C8A1DBD85D200E4E996 /* TableauOAuth.m */ = {isa = PBXFileReference; fileEncoding = 4; lastKnownFileType = sourcecode.c.objc; name = TableauOAuth.m; path = "mobile-connected-client/src/ios/TableauOAuth.m"; sourceTree = SOURCE_ROOT; };
		38113C8D1DBD880E00E4E996 /* TokenManager.h */ = {isa = PBXFileReference; fileEncoding = 4; lastKnownFileType = sourcecode.c.h; path = TokenManager.h; sourceTree = "<group>"; };
		38113C8E1DBD880E00E4E996 /* TokenManager.m */ = {isa = PBXFileReference; fileEncoding = 4; lastKnownFileType = sourcecode.c.objc; path = TokenManager.m; sourceTree = "<group>"; };
		38113C901DBD8F5E00E4E996 /* WebViewDelegate.h */ = {isa = PBXFileReference; fileEncoding = 4; lastKnownFileType = sourcecode.c.h; path = WebViewDelegate.h; sourceTree = "<group>"; };
		38113C911DBD8F5E00E4E996 /* WebViewDelegate.m */ = {isa = PBXFileReference; fileEncoding = 4; lastKnownFileType = sourcecode.c.objc; path = WebViewDelegate.m; sourceTree = "<group>"; };
		C9694AFD1DB98B4B00DDCF0C /* Mobile App Bootstrap.app */ = {isa = PBXFileReference; explicitFileType = wrapper.application; includeInIndex = 0; path = "Mobile App Bootstrap.app"; sourceTree = BUILT_PRODUCTS_DIR; };
		C9694B011DB98B4B00DDCF0C /* main.m */ = {isa = PBXFileReference; lastKnownFileType = sourcecode.c.objc; path = main.m; sourceTree = "<group>"; };
		C9694B031DB98B4B00DDCF0C /* AppDelegate.h */ = {isa = PBXFileReference; lastKnownFileType = sourcecode.c.h; path = AppDelegate.h; sourceTree = "<group>"; };
		C9694B041DB98B4B00DDCF0C /* AppDelegate.m */ = {isa = PBXFileReference; lastKnownFileType = sourcecode.c.objc; path = AppDelegate.m; sourceTree = "<group>"; };
		C9694B0D1DB98B4B00DDCF0C /* Base */ = {isa = PBXFileReference; lastKnownFileType = file.storyboard; name = Base; path = Base.lproj/Main.storyboard; sourceTree = "<group>"; };
		C9694B0F1DB98B4B00DDCF0C /* Assets.xcassets */ = {isa = PBXFileReference; lastKnownFileType = folder.assetcatalog; path = Assets.xcassets; sourceTree = "<group>"; };
		C9694B121DB98B4B00DDCF0C /* Base */ = {isa = PBXFileReference; lastKnownFileType = file.storyboard; name = Base; path = Base.lproj/LaunchScreen.storyboard; sourceTree = "<group>"; };
		C9694B141DB98B4B00DDCF0C /* Info.plist */ = {isa = PBXFileReference; lastKnownFileType = text.plist.xml; path = Info.plist; sourceTree = "<group>"; };
		C98EDFF81DCB119E00AC2E29 /* Mobile App Bootstrap.entitlements */ = {isa = PBXFileReference; lastKnownFileType = text.plist.entitlements; path = "Mobile App Bootstrap.entitlements"; sourceTree = "<group>"; };
/* End PBXFileReference section */

/* Begin PBXFrameworksBuildPhase section */
		C9694AFA1DB98B4B00DDCF0C /* Frameworks */ = {
			isa = PBXFrameworksBuildPhase;
			buildActionMask = 2147483647;
			files = (
			);
			runOnlyForDeploymentPostprocessing = 0;
		};
/* End PBXFrameworksBuildPhase section */

/* Begin PBXGroup section */
		38113C8C1DBD85E400E4E996 /* ConnectedClient */ = {
			isa = PBXGroup;
			children = (
				38113C891DBD85D200E4E996 /* TableauOAuth.h */,
				38113C8A1DBD85D200E4E996 /* TableauOAuth.m */,
			);
			name = ConnectedClient;
			sourceTree = "<group>";
		};
		C9694AF41DB98B4B00DDCF0C = {
			isa = PBXGroup;
			children = (
				C9694AFF1DB98B4B00DDCF0C /* Mobile App Bootstrap */,
				C9694AFE1DB98B4B00DDCF0C /* Products */,
			);
			sourceTree = "<group>";
		};
		C9694AFE1DB98B4B00DDCF0C /* Products */ = {
			isa = PBXGroup;
			children = (
				C9694AFD1DB98B4B00DDCF0C /* Mobile App Bootstrap.app */,
			);
			name = Products;
			sourceTree = "<group>";
		};
		C9694AFF1DB98B4B00DDCF0C /* Mobile App Bootstrap */ = {
			isa = PBXGroup;
			children = (
				C9694B0C1DB98B4B00DDCF0C /* Main.storyboard */,
				C9694B0F1DB98B4B00DDCF0C /* Assets.xcassets */,
				C9694B111DB98B4B00DDCF0C /* LaunchScreen.storyboard */,
				C9694B141DB98B4B00DDCF0C /* Info.plist */,
				C98EDFF81DCB119E00AC2E29 /* Mobile App Bootstrap.entitlements */,
				38113C8C1DBD85E400E4E996 /* ConnectedClient */,
				C9694B001DB98B4B00DDCF0C /* Supporting Files */,
				38113C5E1DBD442700E4E996 /* www */,
				C9694B031DB98B4B00DDCF0C /* AppDelegate.h */,
				C9694B041DB98B4B00DDCF0C /* AppDelegate.m */,
				38113C5B1DBD419F00E4E996 /* HomeViewController.h */,
				38113C5C1DBD419F00E4E996 /* HomeViewController.m */,
				38113C8D1DBD880E00E4E996 /* TokenManager.h */,
				38113C8E1DBD880E00E4E996 /* TokenManager.m */,
				38113C601DBD5BDF00E4E996 /* Viz1ViewController.h */,
				38113C611DBD5BDF00E4E996 /* Viz1ViewController.m */,
				38113C621DBD5BDF00E4E996 /* Viz2ViewController.h */,
				38113C631DBD5BDF00E4E996 /* Viz2ViewController.m */,
				38113C641DBD5BDF00E4E996 /* Viz3ViewController.h */,
				38113C651DBD5BDF00E4E996 /* Viz3ViewController.m */,
				38113C901DBD8F5E00E4E996 /* WebViewDelegate.h */,
				38113C911DBD8F5E00E4E996 /* WebViewDelegate.m */,
			);
			path = "Mobile App Bootstrap";
			sourceTree = "<group>";
		};
		C9694B001DB98B4B00DDCF0C /* Supporting Files */ = {
			isa = PBXGroup;
			children = (
				C9694B011DB98B4B00DDCF0C /* main.m */,
			);
			name = "Supporting Files";
			sourceTree = "<group>";
		};
/* End PBXGroup section */

/* Begin PBXNativeTarget section */
		C9694AFC1DB98B4B00DDCF0C /* Mobile App Bootstrap */ = {
			isa = PBXNativeTarget;
			buildConfigurationList = C9694B171DB98B4B00DDCF0C /* Build configuration list for PBXNativeTarget "Mobile App Bootstrap" */;
			buildPhases = (
				C9694AF91DB98B4B00DDCF0C /* Sources */,
				C9694AFA1DB98B4B00DDCF0C /* Frameworks */,
				C9694AFB1DB98B4B00DDCF0C /* Resources */,
			);
			buildRules = (
			);
			dependencies = (
			);
			name = "Mobile App Bootstrap";
			productName = "Mobile App Bootstrap";
			productReference = C9694AFD1DB98B4B00DDCF0C /* Mobile App Bootstrap.app */;
			productType = "com.apple.product-type.application";
		};
/* End PBXNativeTarget section */

/* Begin PBXProject section */
		C9694AF51DB98B4B00DDCF0C /* Project object */ = {
			isa = PBXProject;
			attributes = {
				LastUpgradeCheck = 0800;
				ORGANIZATIONNAME = Tableau;
				TargetAttributes = {
					C9694AFC1DB98B4B00DDCF0C = {
						CreatedOnToolsVersion = 8.0;
						DevelopmentTeam = QJ4XPRK37C;
						ProvisioningStyle = Automatic;
						SystemCapabilities = {
							com.apple.Keychain = {
								enabled = 0;
							};
						};
					};
				};
			};
			buildConfigurationList = C9694AF81DB98B4B00DDCF0C /* Build configuration list for PBXProject "Mobile App Bootstrap" */;
			compatibilityVersion = "Xcode 3.2";
			developmentRegion = English;
			hasScannedForEncodings = 0;
			knownRegions = (
				en,
				Base,
			);
			mainGroup = C9694AF41DB98B4B00DDCF0C;
			productRefGroup = C9694AFE1DB98B4B00DDCF0C /* Products */;
			projectDirPath = "";
			projectRoot = "";
			targets = (
				C9694AFC1DB98B4B00DDCF0C /* Mobile App Bootstrap */,
			);
		};
/* End PBXProject section */

/* Begin PBXResourcesBuildPhase section */
		C9694AFB1DB98B4B00DDCF0C /* Resources */ = {
			isa = PBXResourcesBuildPhase;
			buildActionMask = 2147483647;
			files = (
				C9694B131DB98B4B00DDCF0C /* LaunchScreen.storyboard in Resources */,
				38113C5F1DBD442700E4E996 /* www in Resources */,
				C9694B101DB98B4B00DDCF0C /* Assets.xcassets in Resources */,
				C9694B0E1DB98B4B00DDCF0C /* Main.storyboard in Resources */,
			);
			runOnlyForDeploymentPostprocessing = 0;
		};
/* End PBXResourcesBuildPhase section */

/* Begin PBXSourcesBuildPhase section */
		C9694AF91DB98B4B00DDCF0C /* Sources */ = {
			isa = PBXSourcesBuildPhase;
			buildActionMask = 2147483647;
			files = (
				38113C661DBD5BDF00E4E996 /* Viz1ViewController.m in Sources */,
				C9694B051DB98B4B00DDCF0C /* AppDelegate.m in Sources */,
				38113C5D1DBD419F00E4E996 /* HomeViewController.m in Sources */,
				38113C671DBD5BDF00E4E996 /* Viz2ViewController.m in Sources */,
				38113C681DBD5BDF00E4E996 /* Viz3ViewController.m in Sources */,
				38113C8F1DBD880E00E4E996 /* TokenManager.m in Sources */,
				C9694B021DB98B4B00DDCF0C /* main.m in Sources */,
				38113C8B1DBD85D200E4E996 /* TableauOAuth.m in Sources */,
				38113C921DBD8F5E00E4E996 /* WebViewDelegate.m in Sources */,
			);
			runOnlyForDeploymentPostprocessing = 0;
		};
/* End PBXSourcesBuildPhase section */

/* Begin PBXVariantGroup section */
		C9694B0C1DB98B4B00DDCF0C /* Main.storyboard */ = {
			isa = PBXVariantGroup;
			children = (
				C9694B0D1DB98B4B00DDCF0C /* Base */,
			);
			name = Main.storyboard;
			sourceTree = "<group>";
		};
		C9694B111DB98B4B00DDCF0C /* LaunchScreen.storyboard */ = {
			isa = PBXVariantGroup;
			children = (
				C9694B121DB98B4B00DDCF0C /* Base */,
			);
			name = LaunchScreen.storyboard;
			sourceTree = "<group>";
		};
/* End PBXVariantGroup section */

/* Begin XCBuildConfiguration section */
		C9694B151DB98B4B00DDCF0C /* Debug */ = {
			isa = XCBuildConfiguration;
			buildSettings = {
				ALWAYS_SEARCH_USER_PATHS = NO;
				CLANG_ANALYZER_NONNULL = YES;
				CLANG_CXX_LANGUAGE_STANDARD = "gnu++0x";
				CLANG_CXX_LIBRARY = "libc++";
				CLANG_ENABLE_MODULES = YES;
				CLANG_ENABLE_OBJC_ARC = YES;
				CLANG_WARN_BOOL_CONVERSION = YES;
				CLANG_WARN_CONSTANT_CONVERSION = YES;
				CLANG_WARN_DIRECT_OBJC_ISA_USAGE = YES_ERROR;
				CLANG_WARN_DOCUMENTATION_COMMENTS = YES;
				CLANG_WARN_EMPTY_BODY = YES;
				CLANG_WARN_ENUM_CONVERSION = YES;
				CLANG_WARN_INFINITE_RECURSION = YES;
				CLANG_WARN_INT_CONVERSION = YES;
				CLANG_WARN_OBJC_ROOT_CLASS = YES_ERROR;
				CLANG_WARN_SUSPICIOUS_MOVES = YES;
				CLANG_WARN_UNREACHABLE_CODE = YES;
				CLANG_WARN__DUPLICATE_METHOD_MATCH = YES;
				"CODE_SIGN_IDENTITY[sdk=iphoneos*]" = "iPhone Developer";
				COPY_PHASE_STRIP = NO;
				DEBUG_ACTIVITY_MODE = "";
				"DEBUG_ACTIVITY_MODE[sdk=iphonesimulator*]" = disable;
				DEBUG_INFORMATION_FORMAT = dwarf;
				ENABLE_STRICT_OBJC_MSGSEND = YES;
				ENABLE_TESTABILITY = YES;
				GCC_C_LANGUAGE_STANDARD = gnu99;
				GCC_DYNAMIC_NO_PIC = NO;
				GCC_NO_COMMON_BLOCKS = YES;
				GCC_OPTIMIZATION_LEVEL = 0;
				GCC_PREPROCESSOR_DEFINITIONS = (
					"DEBUG=1",
					"$(inherited)",
				);
				GCC_WARN_64_TO_32_BIT_CONVERSION = YES;
				GCC_WARN_ABOUT_RETURN_TYPE = YES_ERROR;
				GCC_WARN_UNDECLARED_SELECTOR = YES;
				GCC_WARN_UNINITIALIZED_AUTOS = YES_AGGRESSIVE;
				GCC_WARN_UNUSED_FUNCTION = YES;
				GCC_WARN_UNUSED_VARIABLE = YES;
				IPHONEOS_DEPLOYMENT_TARGET = 10.0;
				MTL_ENABLE_DEBUG_INFO = YES;
				ONLY_ACTIVE_ARCH = YES;
				SDKROOT = iphoneos;
				TARGETED_DEVICE_FAMILY = "1,2";
			};
			name = Debug;
		};
		C9694B161DB98B4B00DDCF0C /* Release */ = {
			isa = XCBuildConfiguration;
			buildSettings = {
				ALWAYS_SEARCH_USER_PATHS = NO;
				CLANG_ANALYZER_NONNULL = YES;
				CLANG_CXX_LANGUAGE_STANDARD = "gnu++0x";
				CLANG_CXX_LIBRARY = "libc++";
				CLANG_ENABLE_MODULES = YES;
				CLANG_ENABLE_OBJC_ARC = YES;
				CLANG_WARN_BOOL_CONVERSION = YES;
				CLANG_WARN_CONSTANT_CONVERSION = YES;
				CLANG_WARN_DIRECT_OBJC_ISA_USAGE = YES_ERROR;
				CLANG_WARN_DOCUMENTATION_COMMENTS = YES;
				CLANG_WARN_EMPTY_BODY = YES;
				CLANG_WARN_ENUM_CONVERSION = YES;
				CLANG_WARN_INFINITE_RECURSION = YES;
				CLANG_WARN_INT_CONVERSION = YES;
				CLANG_WARN_OBJC_ROOT_CLASS = YES_ERROR;
				CLANG_WARN_SUSPICIOUS_MOVES = YES;
				CLANG_WARN_UNREACHABLE_CODE = YES;
				CLANG_WARN__DUPLICATE_METHOD_MATCH = YES;
				"CODE_SIGN_IDENTITY[sdk=iphoneos*]" = "iPhone Developer";
				COPY_PHASE_STRIP = NO;
				DEBUG_ACTIVITY_MODE = "";
				DEBUG_INFORMATION_FORMAT = "dwarf-with-dsym";
				ENABLE_NS_ASSERTIONS = NO;
				ENABLE_STRICT_OBJC_MSGSEND = YES;
				GCC_C_LANGUAGE_STANDARD = gnu99;
				GCC_NO_COMMON_BLOCKS = YES;
				GCC_WARN_64_TO_32_BIT_CONVERSION = YES;
				GCC_WARN_ABOUT_RETURN_TYPE = YES_ERROR;
				GCC_WARN_UNDECLARED_SELECTOR = YES;
				GCC_WARN_UNINITIALIZED_AUTOS = YES_AGGRESSIVE;
				GCC_WARN_UNUSED_FUNCTION = YES;
				GCC_WARN_UNUSED_VARIABLE = YES;
				IPHONEOS_DEPLOYMENT_TARGET = 10.0;
				MTL_ENABLE_DEBUG_INFO = NO;
				SDKROOT = iphoneos;
				TARGETED_DEVICE_FAMILY = "1,2";
				VALIDATE_PRODUCT = YES;
			};
			name = Release;
		};
		C9694B181DB98B4B00DDCF0C /* Debug */ = {
			isa = XCBuildConfiguration;
			buildSettings = {
				ASSETCATALOG_COMPILER_APPICON_NAME = AppIcon;
				CODE_SIGN_ENTITLEMENTS = "Mobile App Bootstrap/Mobile App Bootstrap.entitlements";
				DEVELOPMENT_TEAM = QJ4XPRK37C;
				INFOPLIST_FILE = "Mobile App Bootstrap/Info.plist";
				IPHONEOS_DEPLOYMENT_TARGET = 8.0;
				LD_RUNPATH_SEARCH_PATHS = "$(inherited) @executable_path/Frameworks";
				PRODUCT_BUNDLE_IDENTIFIER = "com.tableau.rtheis.Mobile-App-Bootstrap";
				PRODUCT_NAME = "$(TARGET_NAME)";
			};
			name = Debug;
		};
		C9694B191DB98B4B00DDCF0C /* Release */ = {
			isa = XCBuildConfiguration;
			buildSettings = {
				ASSETCATALOG_COMPILER_APPICON_NAME = AppIcon;
				CODE_SIGN_ENTITLEMENTS = "Mobile App Bootstrap/Mobile App Bootstrap.entitlements";
				DEVELOPMENT_TEAM = QJ4XPRK37C;
				INFOPLIST_FILE = "Mobile App Bootstrap/Info.plist";
				IPHONEOS_DEPLOYMENT_TARGET = 8.0;
				LD_RUNPATH_SEARCH_PATHS = "$(inherited) @executable_path/Frameworks";
				PRODUCT_BUNDLE_IDENTIFIER = "com.tableau.rtheis.Mobile-App-Bootstrap";
				PRODUCT_NAME = "$(TARGET_NAME)";
			};
			name = Release;
		};
/* End XCBuildConfiguration section */

/* Begin XCConfigurationList section */
		C9694AF81DB98B4B00DDCF0C /* Build configuration list for PBXProject "Mobile App Bootstrap" */ = {
			isa = XCConfigurationList;
			buildConfigurations = (
				C9694B151DB98B4B00DDCF0C /* Debug */,
				C9694B161DB98B4B00DDCF0C /* Release */,
			);
			defaultConfigurationIsVisible = 0;
			defaultConfigurationName = Release;
		};
		C9694B171DB98B4B00DDCF0C /* Build configuration list for PBXNativeTarget "Mobile App Bootstrap" */ = {
			isa = XCConfigurationList;
			buildConfigurations = (
				C9694B181DB98B4B00DDCF0C /* Debug */,
				C9694B191DB98B4B00DDCF0C /* Release */,
			);
			defaultConfigurationIsVisible = 0;
			defaultConfigurationName = Release;
		};
/* End XCConfigurationList section */
	};
	rootObject = C9694AF51DB98B4B00DDCF0C /* Project object */;
}
